
Microsoft Visual Studio Solution File, Format Version 12.00
# Visual Studio Version 17
VisualStudioVersion = 17.5.002.0
MinimumVisualStudioVersion = 10.0.40219.1
Project("{9A19103F-16F7-4668-BE54-9A1E7A4F7556}") = "Portafolio", "Portafolio.csproj", "{4EE525CE-D3EE-4671-8504-129A7E5AEFFE}"
EndProject
Global
	GlobalSection(SolutionConfigurationPlatforms) = preSolution
		Debug|Any CPU = Debug|Any CPU
		Release|Any CPU = Release|Any CPU
	EndGlobalSection
	GlobalSection(ProjectConfigurationPlatforms) = postSolution
		{4EE525CE-D3EE-4671-8504-129A7E5AEFFE}.Debug|Any CPU.ActiveCfg = Debug|Any CPU
		{4EE525CE-D3EE-4671-8504-129A7E5AEFFE}.Debug|Any CPU.Build.0 = Debug|Any CPU
		{4EE525CE-D3EE-4671-8504-129A7E5AEFFE}.Release|Any CPU.ActiveCfg = Release|Any CPU
		{4EE525CE-D3EE-4671-8504-129A7E5AEFFE}.Release|Any CPU.Build.0 = Release|Any CPU
	EndGlobalSection
	GlobalSection(SolutionProperties) = preSolution
		HideSolutionNode = FALSE
	EndGlobalSection
	GlobalSection(ExtensibilityGlobals) = postSolution
		SolutionGuid = {E6FE46EB-26FA-4DA8-836E-EA25B11D94AA}
	EndGlobalSection
EndGlobal
